// !$*UTF8*$!
{
	archiveVersion = 1;
	classes = {
	};
	objectVersion = 46;
	objects = {

/* Begin PBXBuildFile section */
		384BC0081A6A196600F1B011 /* main.m in Sources */ = {isa = PBXBuildFile; fileRef = 384BC0071A6A196600F1B011 /* main.m */; };
		384BC00B1A6A196600F1B011 /* AppDelegate.m in Sources */ = {isa = PBXBuildFile; fileRef = 384BC00A1A6A196600F1B011 /* AppDelegate.m */; };
		384BC00E1A6A196600F1B011 /* ViewController.m in Sources */ = {isa = PBXBuildFile; fileRef = 384BC00D1A6A196600F1B011 /* ViewController.m */; };
		384BC0111A6A196600F1B011 /* Main.storyboard in Resources */ = {isa = PBXBuildFile; fileRef = 384BC00F1A6A196600F1B011 /* Main.storyboard */; };
		384BC0131A6A196600F1B011 /* Images.xcassets in Resources */ = {isa = PBXBuildFile; fileRef = 384BC0121A6A196600F1B011 /* Images.xcassets */; };
		384BC0161A6A196600F1B011 /* LaunchScreen.xib in Resources */ = {isa = PBXBuildFile; fileRef = 384BC0141A6A196600F1B011 /* LaunchScreen.xib */; };
		384BC0221A6A196600F1B011 /* FacebookLoginTestTests.m in Sources */ = {isa = PBXBuildFile; fileRef = 384BC0211A6A196600F1B011 /* FacebookLoginTestTests.m */; };
		384BC02D1A6A1C2400F1B011 /* FacebookSDK.framework in Frameworks */ = {isa = PBXBuildFile; fileRef = 384BC02C1A6A1C2400F1B011 /* FacebookSDK.framework */; };
/* End PBXBuildFile section */

/* Begin PBXContainerItemProxy section */
		384BC01C1A6A196600F1B011 /* PBXContainerItemProxy */ = {
			isa = PBXContainerItemProxy;
			containerPortal = 384BBFFA1A6A196600F1B011 /* Project object */;
			proxyType = 1;
			remoteGlobalIDString = 384BC0011A6A196600F1B011;
			remoteInfo = FacebookLoginTest;
		};
/* End PBXContainerItemProxy section */

/* Begin PBXFileReference section */
		384BC0021A6A196600F1B011 /* FacebookLoginTest.app */ = {isa = PBXFileReference; explicitFileType = wrapper.application; includeInIndex = 0; path = FacebookLoginTest.app; sourceTree = BUILT_PRODUCTS_DIR; };
		384BC0061A6A196600F1B011 /* Info.plist */ = {isa = PBXFileReference; lastKnownFileType = text.plist.xml; path = Info.plist; sourceTree = "<group>"; };
		384BC0071A6A196600F1B011 /* main.m */ = {isa = PBXFileReference; lastKnownFileType = sourcecode.c.objc; path = main.m; sourceTree = "<group>"; };
		384BC0091A6A196600F1B011 /* AppDelegate.h */ = {isa = PBXFileReference; lastKnownFileType = sourcecode.c.h; path = AppDelegate.h; sourceTree = "<group>"; };
		384BC00A1A6A196600F1B011 /* AppDelegate.m */ = {isa = PBXFileReference; lastKnownFileType = sourcecode.c.objc; path = AppDelegate.m; sourceTree = "<group>"; };
		384BC00C1A6A196600F1B011 /* ViewController.h */ = {isa = PBXFileReference; lastKnownFileType = sourcecode.c.h; path = ViewController.h; sourceTree = "<group>"; };
		384BC00D1A6A196600F1B011 /* ViewController.m */ = {isa = PBXFileReference; lastKnownFileType = sourcecode.c.objc; path = ViewController.m; sourceTree = "<group>"; };
		384BC0101A6A196600F1B011 /* Base */ = {isa = PBXFileReference; lastKnownFileType = file.storyboard; name = Base; path = Base.lproj/Main.storyboard; sourceTree = "<group>"; };
		384BC0121A6A196600F1B011 /* Images.xcassets */ = {isa = PBXFileReference; lastKnownFileType = folder.assetcatalog; path = Images.xcassets; sourceTree = "<group>"; };
		384BC0151A6A196600F1B011 /* Base */ = {isa = PBXFileReference; lastKnownFileType = file.xib; name = Base; path = Base.lproj/LaunchScreen.xib; sourceTree = "<group>"; };
		384BC01B1A6A196600F1B011 /* FacebookLoginTestTests.xctest */ = {isa = PBXFileReference; explicitFileType = wrapper.cfbundle; includeInIndex = 0; path = FacebookLoginTestTests.xctest; sourceTree = BUILT_PRODUCTS_DIR; };
		384BC0201A6A196600F1B011 /* Info.plist */ = {isa = PBXFileReference; lastKnownFileType = text.plist.xml; path = Info.plist; sourceTree = "<group>"; };
		384BC0211A6A196600F1B011 /* FacebookLoginTestTests.m */ = {isa = PBXFileReference; lastKnownFileType = sourcecode.c.objc; path = FacebookLoginTestTests.m; sourceTree = "<group>"; };
		384BC02C1A6A1C2400F1B011 /* FacebookSDK.framework */ = {isa = PBXFileReference; lastKnownFileType = wrapper.framework; name = FacebookSDK.framework; path = ../../FacebookSDK/FacebookSDK.framework; sourceTree = "<group>"; };
/* End PBXFileReference section */

/* Begin PBXFrameworksBuildPhase section */
		384BBFFF1A6A196600F1B011 /* Frameworks */ = {
			isa = PBXFrameworksBuildPhase;
			buildActionMask = 2147483647;
			files = (
				384BC02D1A6A1C2400F1B011 /* FacebookSDK.framework in Frameworks */,
			);
			runOnlyForDeploymentPostprocessing = 0;
		};
		384BC0181A6A196600F1B011 /* Frameworks */ = {
			isa = PBXFrameworksBuildPhase;
			buildActionMask = 2147483647;
			files = (
			);
			runOnlyForDeploymentPostprocessing = 0;
		};
/* End PBXFrameworksBuildPhase section */

/* Begin PBXGroup section */
		384BBFF91A6A196600F1B011 = {
			isa = PBXGroup;
			children = (
				384BC0041A6A196600F1B011 /* FacebookLoginTest */,
				384BC02C1A6A1C2400F1B011 /* FacebookSDK.framework */,
				384BC01E1A6A196600F1B011 /* FacebookLoginTestTests */,
				384BC0031A6A196600F1B011 /* Products */,
			);
			sourceTree = "<group>";
		};
		384BC0031A6A196600F1B011 /* Products */ = {
			isa = PBXGroup;
			children = (
				384BC0021A6A196600F1B011 /* FacebookLoginTest.app */,
				384BC01B1A6A196600F1B011 /* FacebookLoginTestTests.xctest */,
			);
			name = Products;
			sourceTree = "<group>";
		};
		384BC0041A6A196600F1B011 /* FacebookLoginTest */ = {
			isa = PBXGroup;
			children = (
				384BC0091A6A196600F1B011 /* AppDelegate.h */,
				384BC00A1A6A196600F1B011 /* AppDelegate.m */,
				384BC00C1A6A196600F1B011 /* ViewController.h */,
				384BC00D1A6A196600F1B011 /* ViewController.m */,
				384BC00F1A6A196600F1B011 /* Main.storyboard */,
				384BC0121A6A196600F1B011 /* Images.xcassets */,
				384BC0141A6A196600F1B011 /* LaunchScreen.xib */,
				384BC0051A6A196600F1B011 /* Supporting Files */,
			);
			path = FacebookLoginTest;
			sourceTree = "<group>";
		};
		384BC0051A6A196600F1B011 /* Supporting Files */ = {
			isa = PBXGroup;
			children = (
				384BC0061A6A196600F1B011 /* Info.plist */,
				384BC0071A6A196600F1B011 /* main.m */,
			);
			name = "Supporting Files";
			sourceTree = "<group>";
		};
		384BC01E1A6A196600F1B011 /* FacebookLoginTestTests */ = {
			isa = PBXGroup;
			children = (
				384BC0211A6A196600F1B011 /* FacebookLoginTestTests.m */,
				384BC01F1A6A196600F1B011 /* Supporting Files */,
			);
			path = FacebookLoginTestTests;
			sourceTree = "<group>";
		};
		384BC01F1A6A196600F1B011 /* Supporting Files */ = {
			isa = PBXGroup;
			children = (
				384BC0201A6A196600F1B011 /* Info.plist */,
			);
			name = "Supporting Files";
			sourceTree = "<group>";
		};
/* End PBXGroup section */

/* Begin PBXNativeTarget section */
		384BC0011A6A196600F1B011 /* FacebookLoginTest */ = {
			isa = PBXNativeTarget;
			buildConfigurationList = 384BC0251A6A196600F1B011 /* Build configuration list for PBXNativeTarget "FacebookLoginTest" */;
			buildPhases = (
				384BBFFE1A6A196600F1B011 /* Sources */,
				384BBFFF1A6A196600F1B011 /* Frameworks */,
				384BC0001A6A196600F1B011 /* Resources */,
			);
			buildRules = (
			);
			dependencies = (
			);
			name = FacebookLoginTest;
			productName = FacebookLoginTest;
			productReference = 384BC0021A6A196600F1B011 /* FacebookLoginTest.app */;
			productType = "com.apple.product-type.application";
		};
		384BC01A1A6A196600F1B011 /* FacebookLoginTestTests */ = {
			isa = PBXNativeTarget;
			buildConfigurationList = 384BC0281A6A196600F1B011 /* Build configuration list for PBXNativeTarget "FacebookLoginTestTests" */;
			buildPhases = (
				384BC0171A6A196600F1B011 /* Sources */,
				384BC0181A6A196600F1B011 /* Frameworks */,
				384BC0191A6A196600F1B011 /* Resources */,
			);
			buildRules = (
			);
			dependencies = (
				384BC01D1A6A196600F1B011 /* PBXTargetDependency */,
			);
			name = FacebookLoginTestTests;
			productName = FacebookLoginTestTests;
			productReference = 384BC01B1A6A196600F1B011 /* FacebookLoginTestTests.xctest */;
			productType = "com.apple.product-type.bundle.unit-test";
		};
/* End PBXNativeTarget section */

/* Begin PBXProject section */
		384BBFFA1A6A196600F1B011 /* Project object */ = {
			isa = PBXProject;
			attributes = {
				LastUpgradeCheck = 0610;
				ORGANIZATIONNAME = "Chawatvish Worrapoj";
				TargetAttributes = {
					384BC0011A6A196600F1B011 = {
						CreatedOnToolsVersion = 6.1.1;
					};
					384BC01A1A6A196600F1B011 = {
						CreatedOnToolsVersion = 6.1.1;
						TestTargetID = 384BC0011A6A196600F1B011;
					};
				};
			};
			buildConfigurationList = 384BBFFD1A6A196600F1B011 /* Build configuration list for PBXProject "FacebookLoginTest" */;
			compatibilityVersion = "Xcode 3.2";
			developmentRegion = English;
			hasScannedForEncodings = 0;
			knownRegions = (
				en,
				Base,
			);
			mainGroup = 384BBFF91A6A196600F1B011;
			productRefGroup = 384BC0031A6A196600F1B011 /* Products */;
			projectDirPath = "";
			projectRoot = "";
			targets = (
				384BC0011A6A196600F1B011 /* FacebookLoginTest */,
				384BC01A1A6A196600F1B011 /* FacebookLoginTestTests */,
			);
		};
/* End PBXProject section */

/* Begin PBXResourcesBuildPhase section */
		384BC0001A6A196600F1B011 /* Resources */ = {
			isa = PBXResourcesBuildPhase;
			buildActionMask = 2147483647;
			files = (
				384BC0111A6A196600F1B011 /* Main.storyboard in Resources */,
				384BC0161A6A196600F1B011 /* LaunchScreen.xib in Resources */,
				384BC0131A6A196600F1B011 /* Images.xcassets in Resources */,
			);
			runOnlyForDeploymentPostprocessing = 0;
		};
		384BC0191A6A196600F1B011 /* Resources */ = {
			isa = PBXResourcesBuildPhase;
			buildActionMask = 2147483647;
			files = (
			);
			runOnlyForDeploymentPostprocessing = 0;
		};
/* End PBXResourcesBuildPhase section */

/* Begin PBXSourcesBuildPhase section */
		384BBFFE1A6A196600F1B011 /* Sources */ = {
			isa = PBXSourcesBuildPhase;
			buildActionMask = 2147483647;
			files = (
				384BC00E1A6A196600F1B011 /* ViewController.m in Sources */,
				384BC00B1A6A196600F1B011 /* AppDelegate.m in Sources */,
				384BC0081A6A196600F1B011 /* main.m in Sources */,
			);
			runOnlyForDeploymentPostprocessing = 0;
		};
		384BC0171A6A196600F1B011 /* Sources */ = {
			isa = PBXSourcesBuildPhase;
			buildActionMask = 2147483647;
			files = (
				384BC0221A6A196600F1B011 /* FacebookLoginTestTests.m in Sources */,
			);
			runOnlyForDeploymentPostprocessing = 0;
		};
/* End PBXSourcesBuildPhase section */

/* Begin PBXTargetDependency section */
		384BC01D1A6A196600F1B011 /* PBXTargetDependency */ = {
			isa = PBXTargetDependency;
			target = 384BC0011A6A196600F1B011 /* FacebookLoginTest */;
			targetProxy = 384BC01C1A6A196600F1B011 /* PBXContainerItemProxy */;
		};
/* End PBXTargetDependency section */

/* Begin PBXVariantGroup section */
		384BC00F1A6A196600F1B011 /* Main.storyboard */ = {
			isa = PBXVariantGroup;
			children = (
				384BC0101A6A196600F1B011 /* Base */,
			);
			name = Main.storyboard;
			sourceTree = "<group>";
		};
		384BC0141A6A196600F1B011 /* LaunchScreen.xib */ = {
			isa = PBXVariantGroup;
			children = (
				384BC0151A6A196600F1B011 /* Base */,
			);
			name = LaunchScreen.xib;
			sourceTree = "<group>";
		};
/* End PBXVariantGroup section */

/* Begin XCBuildConfiguration section */
		384BC0231A6A196600F1B011 /* Debug */ = {
			isa = XCBuildConfiguration;
			buildSettings = {
				ALWAYS_SEARCH_USER_PATHS = NO;
				CLANG_CXX_LANGUAGE_STANDARD = "gnu++0x";
				CLANG_CXX_LIBRARY = "libc++";
				CLANG_ENABLE_MODULES = YES;
				CLANG_ENABLE_OBJC_ARC = YES;
				CLANG_WARN_BOOL_CONVERSION = YES;
				CLANG_WARN_CONSTANT_CONVERSION = YES;
				CLANG_WARN_DIRECT_OBJC_ISA_USAGE = YES_ERROR;
				CLANG_WARN_EMPTY_BODY = YES;
				CLANG_WARN_ENUM_CONVERSION = YES;
				CLANG_WARN_INT_CONVERSION = YES;
				CLANG_WARN_OBJC_ROOT_CLASS = YES_ERROR;
				CLANG_WARN_UNREACHABLE_CODE = YES;
				CLANG_WARN__DUPLICATE_METHOD_MATCH = YES;
				"CODE_SIGN_IDENTITY[sdk=iphoneos*]" = "iPhone Developer";
				COPY_PHASE_STRIP = NO;
				ENABLE_STRICT_OBJC_MSGSEND = YES;
				GCC_C_LANGUAGE_STANDARD = gnu99;
				GCC_DYNAMIC_NO_PIC = NO;
				GCC_OPTIMIZATION_LEVEL = 0;
				GCC_PREPROCESSOR_DEFINITIONS = (
					"DEBUG=1",
					"$(inherited)",
				);
				GCC_SYMBOLS_PRIVATE_EXTERN = NO;
				GCC_WARN_64_TO_32_BIT_CONVERSION = YES;
				GCC_WARN_ABOUT_RETURN_TYPE = YES_ERROR;
				GCC_WARN_UNDECLARED_SELECTOR = YES;
				GCC_WARN_UNINITIALIZED_AUTOS = YES_AGGRESSIVE;
				GCC_WARN_UNUSED_FUNCTION = YES;
				GCC_WARN_UNUSED_VARIABLE = YES;
				IPHONEOS_DEPLOYMENT_TARGET = 8.1;
				MTL_ENABLE_DEBUG_INFO = YES;
				ONLY_ACTIVE_ARCH = YES;
				SDKROOT = iphoneos;
			};
			name = Debug;
		};
		384BC0241A6A196600F1B011 /* Release */ = {
			isa = XCBuildConfiguration;
			buildSettings = {
				ALWAYS_SEARCH_USER_PATHS = NO;
				CLANG_CXX_LANGUAGE_STANDARD = "gnu++0x";
				CLANG_CXX_LIBRARY = "libc++";
				CLANG_ENABLE_MODULES = YES;
				CLANG_ENABLE_OBJC_ARC = YES;
				CLANG_WARN_BOOL_CONVERSION = YES;
				CLANG_WARN_CONSTANT_CONVERSION = YES;
				CLANG_WARN_DIRECT_OBJC_ISA_USAGE = YES_ERROR;
				CLANG_WARN_EMPTY_BODY = YES;
				CLANG_WARN_ENUM_CONVERSION = YES;
				CLANG_WARN_INT_CONVERSION = YES;
				CLANG_WARN_OBJC_ROOT_CLASS = YES_ERROR;
				CLANG_WARN_UNREACHABLE_CODE = YES;
				CLANG_WARN__DUPLICATE_METHOD_MATCH = YES;
				"CODE_SIGN_IDENTITY[sdk=iphoneos*]" = "iPhone Developer";
				COPY_PHASE_STRIP = YES;
				ENABLE_NS_ASSERTIONS = NO;
				ENABLE_STRICT_OBJC_MSGSEND = YES;
				GCC_C_LANGUAGE_STANDARD = gnu99;
				GCC_WARN_64_TO_32_BIT_CONVERSION = YES;
				GCC_WARN_ABOUT_RETURN_TYPE = YES_ERROR;
				GCC_WARN_UNDECLARED_SELECTOR = YES;
				GCC_WARN_UNINITIALIZED_AUTOS = YES_AGGRESSIVE;
				GCC_WARN_UNUSED_FUNCTION = YES;
				GCC_WARN_UNUSED_VARIABLE = YES;
				IPHONEOS_DEPLOYMENT_TARGET = 8.1;
				MTL_ENABLE_DEBUG_INFO = NO;
				SDKROOT = iphoneos;
				VALIDATE_PRODUCT = YES;
			};
			name = Release;
		};
		384BC0261A6A196600F1B011 /* Debug */ = {
			isa = XCBuildConfiguration;
			buildSettings = {
				ASSETCATALOG_COMPILER_APPICON_NAME = AppIcon;
				FRAMEWORK_SEARCH_PATHS = (
					"$(inherited)",
					/Users/chawatvish/Documents/FacebookSDK,
				);
				INFOPLIST_FILE = FacebookLoginTest/Info.plist;
				LD_RUNPATH_SEARCH_PATHS = "$(inherited) @executable_path/Frameworks";
				PRODUCT_NAME = "$(TARGET_NAME)";
			};
			name = Debug;
		};
		384BC0271A6A196600F1B011 /* Release */ = {
			isa = XCBuildConfiguration;
			buildSettings = {
				ASSETCATALOG_COMPILER_APPICON_NAME = AppIcon;
				FRAMEWORK_SEARCH_PATHS = (
					"$(inherited)",
					/Users/chawatvish/Documents/FacebookSDK,
				);
				INFOPLIST_FILE = FacebookLoginTest/Info.plist;
				LD_RUNPATH_SEARCH_PATHS = "$(inherited) @executable_path/Frameworks";
				PRODUCT_NAME = "$(TARGET_NAME)";
			};
			name = Release;
		};
		384BC0291A6A196600F1B011 /* Debug */ = {
			isa = XCBuildConfiguration;
			buildSettings = {
				BUNDLE_LOADER = "$(TEST_HOST)";
				FRAMEWORK_SEARCH_PATHS = (
					"$(SDKROOT)/Developer/Library/Frameworks",
					"$(inherited)",
				);
				GCC_PREPROCESSOR_DEFINITIONS = (
					"DEBUG=1",
					"$(inherited)",
				);
				INFOPLIST_FILE = FacebookLoginTestTests/Info.plist;
				LD_RUNPATH_SEARCH_PATHS = "$(inherited) @executable_path/Frameworks @loader_path/Frameworks";
				PRODUCT_NAME = "$(TARGET_NAME)";
				TEST_HOST = "$(BUILT_PRODUCTS_DIR)/FacebookLoginTest.app/FacebookLoginTest";
			};
			name = Debug;
		};
		384BC02A1A6A196600F1B011 /* Release */ = {
			isa = XCBuildConfiguration;
			buildSettings = {
				BUNDLE_LOADER = "$(TEST_HOST)";
				FRAMEWORK_SEARCH_PATHS = (
					"$(SDKROOT)/Developer/Library/Frameworks",
					"$(inherited)",
				);
				INFOPLIST_FILE = FacebookLoginTestTests/Info.plist;
				LD_RUNPATH_SEARCH_PATHS = "$(inherited) @executable_path/Frameworks @loader_path/Frameworks";
				PRODUCT_NAME = "$(TARGET_NAME)";
				TEST_HOST = "$(BUILT_PRODUCTS_DIR)/FacebookLoginTest.app/FacebookLoginTest";
			};
			name = Release;
		};
/* End XCBuildConfiguration section */

/* Begin XCConfigurationList section */
		384BBFFD1A6A196600F1B011 /* Build configuration list for PBXProject "FacebookLoginTest" */ = {
			isa = XCConfigurationList;
			buildConfigurations = (
				384BC0231A6A196600F1B011 /* Debug */,
				384BC0241A6A196600F1B011 /* Release */,
			);
			defaultConfigurationIsVisible = 0;
			defaultConfigurationName = Release;
		};
		384BC0251A6A196600F1B011 /* Build configuration list for PBXNativeTarget "FacebookLoginTest" */ = {
			isa = XCConfigurationList;
			buildConfigurations = (
				384BC0261A6A196600F1B011 /* Debug */,
				384BC0271A6A196600F1B011 /* Release */,
			);
			defaultConfigurationIsVisible = 0;
		};
		384BC0281A6A196600F1B011 /* Build configuration list for PBXNativeTarget "FacebookLoginTestTests" */ = {
			isa = XCConfigurationList;
			buildConfigurations = (
				384BC0291A6A196600F1B011 /* Debug */,
				384BC02A1A6A196600F1B011 /* Release */,
			);
			defaultConfigurationIsVisible = 0;
		};
/* End XCConfigurationList section */
	};
	rootObject = 384BBFFA1A6A196600F1B011 /* Project object */;
}
